
Microsoft Visual Studio Solution File, Format Version 12.00
# Visual Studio Version 16
VisualStudioVersion = 16.0.30330.147
MinimumVisualStudioVersion = 10.0.40219.1
Project("{FAE04EC0-301F-11D3-BF4B-00C04F79EFBC}") = "SenderDocumentSync", "API\SenderDocumentSync.csproj", "{687CD209-EDDA-4B5C-B401-FC268D796AA3}"
EndProject
Project("{FAE04EC0-301F-11D3-BF4B-00C04F79EFBC}") = "DocumentSender", "DocumentSender\DocumentSender.csproj", "{669A12F9-77C6-4909-A888-3BB26E01D7F1}"
EndProject
Project("{FAE04EC0-301F-11D3-BF4B-00C04F79EFBC}") = "DocumentSenderService", "DocumentSenderService\DocumentSenderService.csproj", "{9A1FD2EA-7558-4A58-A511-8FD5AFB8BD98}"
EndProject
Global
	GlobalSection(SolutionConfigurationPlatforms) = preSolution
		Debug|Any CPU = Debug|Any CPU
		Release|Any CPU = Release|Any CPU
	EndGlobalSection
	GlobalSection(ProjectConfigurationPlatforms) = postSolution
		{687CD209-EDDA-4B5C-B401-FC268D796AA3}.Debug|Any CPU.ActiveCfg = Debug|Any CPU
		{687CD209-EDDA-4B5C-B401-FC268D796AA3}.Debug|Any CPU.Build.0 = Debug|Any CPU
		{687CD209-EDDA-4B5C-B401-FC268D796AA3}.Release|Any CPU.ActiveCfg = Release|Any CPU
		{687CD209-EDDA-4B5C-B401-FC268D796AA3}.Release|Any CPU.Build.0 = Release|Any CPU
		{669A12F9-77C6-4909-A888-3BB26E01D7F1}.Debug|Any CPU.ActiveCfg = Debug|Any CPU
		{669A12F9-77C6-4909-A888-3BB26E01D7F1}.Debug|Any CPU.Build.0 = Debug|Any CPU
		{669A12F9-77C6-4909-A888-3BB26E01D7F1}.Release|Any CPU.ActiveCfg = Release|Any CPU
		{669A12F9-77C6-4909-A888-3BB26E01D7F1}.Release|Any CPU.Build.0 = Release|Any CPU
		{9A1FD2EA-7558-4A58-A511-8FD5AFB8BD98}.Debug|Any CPU.ActiveCfg = Debug|Any CPU
		{9A1FD2EA-7558-4A58-A511-8FD5AFB8BD98}.Debug|Any CPU.Build.0 = Debug|Any CPU
		{9A1FD2EA-7558-4A58-A511-8FD5AFB8BD98}.Release|Any CPU.ActiveCfg = Release|Any CPU
		{9A1FD2EA-7558-4A58-A511-8FD5AFB8BD98}.Release|Any CPU.Build.0 = Release|Any CPU
	EndGlobalSection
	GlobalSection(SolutionProperties) = preSolution
		HideSolutionNode = FALSE
	EndGlobalSection
	GlobalSection(ExtensibilityGlobals) = postSolution
		SolutionGuid = {D258F2DE-2384-4AEE-BEBC-198CA388A9EC}
	EndGlobalSection
EndGlobal
