
Microsoft Visual Studio Solution File, Format Version 12.00
# Visual Studio Version 16
VisualStudioVersion = 16.0.30330.147
MinimumVisualStudioVersion = 10.0.40219.1
Project("{FAE04EC0-301F-11D3-BF4B-00C04F79EFBC}") = "SenderDocumentSync", "SenderDocumentSync.csproj", "{687CD209-EDDA-4B5C-B401-FC268D796AA3}"
EndProject
Global
	GlobalSection(SolutionConfigurationPlatforms) = preSolution
		Debug|Any CPU = Debug|Any CPU
		Release|Any CPU = Release|Any CPU
	EndGlobalSection
	GlobalSection(ProjectConfigurationPlatforms) = postSolution
		{687CD209-EDDA-4B5C-B401-FC268D796AA3}.Debug|Any CPU.ActiveCfg = Debug|Any CPU
		{687CD209-EDDA-4B5C-B401-FC268D796AA3}.Debug|Any CPU.Build.0 = Debug|Any CPU
		{687CD209-EDDA-4B5C-B401-FC268D796AA3}.Release|Any CPU.ActiveCfg = Release|Any CPU
		{687CD209-EDDA-4B5C-B401-FC268D796AA3}.Release|Any CPU.Build.0 = Release|Any CPU
	EndGlobalSection
	GlobalSection(SolutionProperties) = preSolution
		HideSolutionNode = FALSE
	EndGlobalSection
	GlobalSection(ExtensibilityGlobals) = postSolution
		SolutionGuid = {D258F2DE-2384-4AEE-BEBC-198CA388A9EC}
	EndGlobalSection
EndGlobal
